
Microsoft Visual Studio Solution File, Format Version 12.00
# Visual Studio Version 17
VisualStudioVersion = 17.2.32526.322
MinimumVisualStudioVersion = 10.0.40219.1
Project("{FAE04EC0-301F-11D3-BF4B-00C04F79EFBC}") = "Grpc.Server", "Grpc.Server\Grpc.Server.csproj", "{5D33748F-644E-41F9-B73A-583390331A24}"
EndProject
Global
	GlobalSection(SolutionConfigurationPlatforms) = preSolution
		Debug|Any CPU = Debug|Any CPU
		Release|Any CPU = Release|Any CPU
	EndGlobalSection
	GlobalSection(ProjectConfigurationPlatforms) = postSolution
		{5D33748F-644E-41F9-B73A-583390331A24}.Debug|Any CPU.ActiveCfg = Debug|Any CPU
		{5D33748F-644E-41F9-B73A-583390331A24}.Debug|Any CPU.Build.0 = Debug|Any CPU
		{5D33748F-644E-41F9-B73A-583390331A24}.Release|Any CPU.ActiveCfg = Release|Any CPU
		{5D33748F-644E-41F9-B73A-583390331A24}.Release|Any CPU.Build.0 = Release|Any CPU
	EndGlobalSection
	GlobalSection(SolutionProperties) = preSolution
		HideSolutionNode = FALSE
	EndGlobalSection
	GlobalSection(ExtensibilityGlobals) = postSolution
		SolutionGuid = {0F4268FD-7292-47AF-B93F-76219F23C392}
	EndGlobalSection
EndGlobal
