
Microsoft Visual Studio Solution File, Format Version 12.00
# Visual Studio Version 17
VisualStudioVersion = 17.2.32526.322
MinimumVisualStudioVersion = 10.0.40219.1
Project("{FAE04EC0-301F-11D3-BF4B-00C04F79EFBC}") = "EFCore", "EFCore\EFCore.csproj", "{CDC2BF03-AD46-4EA4-91F8-8E7C66FBE1B3}"
EndProject
Global
	GlobalSection(SolutionConfigurationPlatforms) = preSolution
		Debug|Any CPU = Debug|Any CPU
		Release|Any CPU = Release|Any CPU
	EndGlobalSection
	GlobalSection(ProjectConfigurationPlatforms) = postSolution
		{CDC2BF03-AD46-4EA4-91F8-8E7C66FBE1B3}.Debug|Any CPU.ActiveCfg = Debug|Any CPU
		{CDC2BF03-AD46-4EA4-91F8-8E7C66FBE1B3}.Debug|Any CPU.Build.0 = Debug|Any CPU
		{CDC2BF03-AD46-4EA4-91F8-8E7C66FBE1B3}.Release|Any CPU.ActiveCfg = Release|Any CPU
		{CDC2BF03-AD46-4EA4-91F8-8E7C66FBE1B3}.Release|Any CPU.Build.0 = Release|Any CPU
	EndGlobalSection
	GlobalSection(SolutionProperties) = preSolution
		HideSolutionNode = FALSE
	EndGlobalSection
	GlobalSection(ExtensibilityGlobals) = postSolution
		SolutionGuid = {C69BF6E2-A24F-4E13-8BCE-57CA141BD875}
	EndGlobalSection
EndGlobal
